
Microsoft Visual Studio Solution File, Format Version 12.00
# Visual Studio Version 16
VisualStudioVersion = 16.0.31112.23
MinimumVisualStudioVersion = 10.0.40219.1
Project("{9A19103F-16F7-4668-BE54-9A1E7A4F7556}") = "APIApplication", "NewAPIApplication\APIApplication.csproj", "{4C21E619-3001-4A75-B80E-6523BD3CB978}"
EndProject
Project("{9A19103F-16F7-4668-BE54-9A1E7A4F7556}") = "API.Data", "API.Data\API.Data.csproj", "{FC1F0DA5-DDFE-64B2-8DAE-EB232F34436F}"
EndProject
Project("{9A19103F-16F7-4668-BE54-9A1E7A4F7556}") = "API.Models", "API.Models\API.Models.csproj", "{4928EF96-8AD6-476C-9108-0BB37E266EED}"
EndProject
Project("{9A19103F-16F7-4668-BE54-9A1E7A4F7556}") = "API.Services", "API.Services\API.Services.csproj", "{8442ED46-0113-4388-BD7E-94D807DA5B6E}"
EndProject
Global
	GlobalSection(SolutionConfigurationPlatforms) = preSolution
		Debug|Any CPU = Debug|Any CPU
		Release|Any CPU = Release|Any CPU
	EndGlobalSection
	GlobalSection(ProjectConfigurationPlatforms) = postSolution
		{4C21E619-3001-4A75-B80E-6523BD3CB978}.Debug|Any CPU.ActiveCfg = Debug|Any CPU
		{4C21E619-3001-4A75-B80E-6523BD3CB978}.Debug|Any CPU.Build.0 = Debug|Any CPU
		{4C21E619-3001-4A75-B80E-6523BD3CB978}.Release|Any CPU.ActiveCfg = Release|Any CPU
		{4C21E619-3001-4A75-B80E-6523BD3CB978}.Release|Any CPU.Build.0 = Release|Any CPU
		{FC1F0DA5-DDFE-64B2-8DAE-EB232F34436F}.Debug|Any CPU.ActiveCfg = Debug|Any CPU
		{FC1F0DA5-DDFE-64B2-8DAE-EB232F34436F}.Debug|Any CPU.Build.0 = Debug|Any CPU
		{FC1F0DA5-DDFE-64B2-8DAE-EB232F34436F}.Release|Any CPU.ActiveCfg = Release|Any CPU
		{FC1F0DA5-DDFE-64B2-8DAE-EB232F34436F}.Release|Any CPU.Build.0 = Release|Any CPU
		{4928EF96-8AD6-476C-9108-0BB37E266EED}.Debug|Any CPU.ActiveCfg = Debug|Any CPU
		{4928EF96-8AD6-476C-9108-0BB37E266EED}.Debug|Any CPU.Build.0 = Debug|Any CPU
		{4928EF96-8AD6-476C-9108-0BB37E266EED}.Release|Any CPU.ActiveCfg = Release|Any CPU
		{4928EF96-8AD6-476C-9108-0BB37E266EED}.Release|Any CPU.Build.0 = Release|Any CPU
		{8442ED46-0113-4388-BD7E-94D807DA5B6E}.Debug|Any CPU.ActiveCfg = Debug|Any CPU
		{8442ED46-0113-4388-BD7E-94D807DA5B6E}.Debug|Any CPU.Build.0 = Debug|Any CPU
		{8442ED46-0113-4388-BD7E-94D807DA5B6E}.Release|Any CPU.ActiveCfg = Release|Any CPU
		{8442ED46-0113-4388-BD7E-94D807DA5B6E}.Release|Any CPU.Build.0 = Release|Any CPU
	EndGlobalSection
	GlobalSection(SolutionProperties) = preSolution
		HideSolutionNode = FALSE
	EndGlobalSection
	GlobalSection(ExtensibilityGlobals) = postSolution
		SolutionGuid = {9B0A4439-C50C-4CCD-8237-B4FC0A035A2F}
	EndGlobalSection
EndGlobal
